<?xml version="1.0" encoding="utf-8"?>
<Project ToolsVersion="4.0" xmlns="http://schemas.microsoft.com/developer/msbuild/2003">
  <ItemGroup>
    <Filter Include="소스 파일">
      <UniqueIdentifier>{4FC737F1-C7A5-4376-A066-2A32D752A2FF}</UniqueIdentifier>
      <Extensions>cpp;c;cc;cxx;c++;def;odl;idl;hpj;bat;asm;asmx</Extensions>
    </Filter>
    <Filter Include="헤더 파일">
      <UniqueIdentifier>{93995380-89BD-4b04-88EB-625FBE52EBFB}</UniqueIdentifier>
      <Extensions>h;hh;hpp;hxx;h++;hm;inl;inc;ipp;xsd</Extensions>
    </Filter>
    <Filter Include="리소스 파일">
      <UniqueIdentifier>{67DA6AB6-F800-4c08-8B7A-83BB121AAD01}</UniqueIdentifier>
      <Extensions>rc;ico;cur;bmp;dlg;rc2;rct;bin;rgs;gif;jpg;jpeg;jpe;resx;tiff;tif;png;wav;mfcribbon-ms</Extensions>
    </Filter>
    <Filter Include="MainGame">
      <UniqueIdentifier>{c41c9b98-a31b-4d9e-82a2-bfabc2c89dda}</UniqueIdentifier>
    </Filter>
    <Filter Include="FrameWork">
      <UniqueIdentifier>{125a9a4b-d6cf-4037-9e54-0fb4519c206d}</UniqueIdentifier>
    </Filter>
    <Filter Include="FrameWork\Random">
      <UniqueIdentifier>{219329fd-0bdf-4ce2-b382-6095da14c0ed}</UniqueIdentifier>
    </Filter>
    <Filter Include="FrameWork\Input">
      <UniqueIdentifier>{75cd5072-d518-4bc6-841c-5675d8848ae3}</UniqueIdentifier>
    </Filter>
    <Filter Include="FrameWork\Image">
      <UniqueIdentifier>{4ad6b531-7d7b-4111-be06-f2bad4da87c4}</UniqueIdentifier>
    </Filter>
    <Filter Include="FrameWork\Figure">
      <UniqueIdentifier>{c81da49d-f8e8-47d3-831a-e79e4d881ce0}</UniqueIdentifier>
    </Filter>
    <Filter Include="FrameWork\Math">
      <UniqueIdentifier>{fd572bdf-356e-468e-a803-eca354b8868c}</UniqueIdentifier>
    </Filter>
    <Filter Include="FrameWork\ImageManager">
      <UniqueIdentifier>{595cc926-f5ed-4cbd-ae5b-5afef7a3c034}</UniqueIdentifier>
    </Filter>
    <Filter Include="FrameWork\GameObject">
      <UniqueIdentifier>{a19f892f-52cd-4850-9a33-9c2165a1e4d6}</UniqueIdentifier>
    </Filter>
    <Filter Include="FrameWork\Camera">
      <UniqueIdentifier>{d52a9290-4164-4636-89a3-4c2bffdd3c23}</UniqueIdentifier>
    </Filter>
    <Filter Include="FrameWork\SoundManager">
      <UniqueIdentifier>{e2a38dc5-4980-41b4-b73a-d784af0dc78d}</UniqueIdentifier>
    </Filter>
    <Filter Include="FrameWork\Time">
      <UniqueIdentifier>{c320e730-2234-46c8-bdc1-828700d121ea}</UniqueIdentifier>
    </Filter>
    <Filter Include="FrameWork\ObjectManager">
      <UniqueIdentifier>{6215046f-ec51-44bf-97c0-c412b278199e}</UniqueIdentifier>
    </Filter>
    <Filter Include="FrameWork\Scene">
      <UniqueIdentifier>{1c4af559-3b64-424a-b909-e41be6ac5c3f}</UniqueIdentifier>
    </Filter>
    <Filter Include="MainGame\Scene">
      <UniqueIdentifier>{aa9c857f-4c08-41fa-988a-b6dd3143474c}</UniqueIdentifier>
    </Filter>
    <Filter Include="FrameWork\Animation">
      <UniqueIdentifier>{4e941a03-cb9b-4e38-ab9a-e5525b61b9ae}</UniqueIdentifier>
    </Filter>
    <Filter Include="MainGame\Object">
      <UniqueIdentifier>{dd6cd637-c9b4-4dd0-bb6e-5f1aef095a25}</UniqueIdentifier>
    </Filter>
    <Filter Include="FrameWork\GameEvent">
      <UniqueIdentifier>{d1911068-58c6-4da3-9516-415c40175f80}</UniqueIdentifier>
    </Filter>
    <Filter Include="FrameWork\Camera\ColorLender">
      <UniqueIdentifier>{c8da3e2c-7966-4774-8e90-6309051f488d}</UniqueIdentifier>
    </Filter>
    <Filter Include="MainGame\Object\Player">
      <UniqueIdentifier>{bb734f41-9eb4-442c-9163-7d0c2d21fdd1}</UniqueIdentifier>
    </Filter>
    <Filter Include="MainGame\Object\Player\State">
      <UniqueIdentifier>{a32cb6de-331a-4af4-ac08-8d3e00f8666c}</UniqueIdentifier>
    </Filter>
    <Filter Include="MainGame\Object\BackGround">
      <UniqueIdentifier>{b43f3fb0-b6b5-43b7-b7ed-2605b89e797d}</UniqueIdentifier>
    </Filter>
    <Filter Include="MainGame\Object\Bottom">
      <UniqueIdentifier>{120322fa-f2ce-4dbf-b9d5-682a57fe6b96}</UniqueIdentifier>
    </Filter>
    <Filter Include="MainGame\Object\Door">
      <UniqueIdentifier>{3a1b8a3f-e295-4198-a577-57ad46c00830}</UniqueIdentifier>
    </Filter>
    <Filter Include="MainGame\Object\Mouse">
      <UniqueIdentifier>{f4634b8d-1bc8-4271-ad36-1054a90bf310}</UniqueIdentifier>
    </Filter>
    <Filter Include="MainGame\Ui">
      <UniqueIdentifier>{e2c356df-0e8b-454b-86c5-0985b674c645}</UniqueIdentifier>
    </Filter>
    <Filter Include="MainGame\Object\Player\State\StateKind">
      <UniqueIdentifier>{6790f921-5211-4b2a-bfa4-f7a8975b8300}</UniqueIdentifier>
    </Filter>
    <Filter Include="MainGame\Object\Special">
      <UniqueIdentifier>{78164e2e-5a31-43cd-8579-b21bb58ce9b7}</UniqueIdentifier>
    </Filter>
    <Filter Include="MainGame\Object\Effect">
      <UniqueIdentifier>{83f7f39c-31fd-4ab1-84b7-2a0dd3b9923c}</UniqueIdentifier>
    </Filter>
    <Filter Include="MainGame\Object\Title">
      <UniqueIdentifier>{94f6126b-8790-4533-881b-0d24b9eb835e}</UniqueIdentifier>
    </Filter>
    <Filter Include="MainGame\Object\Player\State\StateKind\LJH">
      <UniqueIdentifier>{c00f9a4b-1847-4f86-bb6c-f6ede77f1dc3}</UniqueIdentifier>
    </Filter>
    <Filter Include="MainGame\Object\Player\State\StateKind\KJH">
      <UniqueIdentifier>{76cb19ac-81b8-4536-a928-aaea845f74a2}</UniqueIdentifier>
    </Filter>
    <Filter Include="MainGame\Object\Player\State\StateKind\KMC">
      <UniqueIdentifier>{a6e9a07d-f7f4-477c-a6bf-6a5d775b4c4f}</UniqueIdentifier>
    </Filter>
    <Filter Include="MainGame\Object\Player\State\StateKind\CJW">
      <UniqueIdentifier>{c4493f0f-66d8-4187-95fe-d68ba53c0f58}</UniqueIdentifier>
    </Filter>
  </ItemGroup>
  <ItemGroup>
    <ClInclude Include="framework.h">
      <Filter>헤더 파일</Filter>
    </ClInclude>
    <ClInclude Include="targetver.h">
      <Filter>헤더 파일</Filter>
    </ClInclude>
    <ClInclude Include="Resource.h">
      <Filter>헤더 파일</Filter>
    </ClInclude>
    <ClInclude Include="01_WinMain.h">
      <Filter>헤더 파일</Filter>
    </ClInclude>
    <ClInclude Include="pch.h">
      <Filter>헤더 파일</Filter>
    </ClInclude>
    <ClInclude Include="MainGame.h">
      <Filter>MainGame</Filter>
    </ClInclude>
    <ClInclude Include="Random.h">
      <Filter>FrameWork\Random</Filter>
    </ClInclude>
    <ClInclude Include="Input.h">
      <Filter>FrameWork\Input</Filter>
    </ClInclude>
    <ClInclude Include="Image.h">
      <Filter>FrameWork\Image</Filter>
    </ClInclude>
    <ClInclude Include="Figure.h">
      <Filter>FrameWork\Figure</Filter>
    </ClInclude>
    <ClInclude Include="Math.h">
      <Filter>FrameWork\Math</Filter>
    </ClInclude>
    <ClInclude Include="DefineHeader.h">
      <Filter>헤더 파일</Filter>
    </ClInclude>
    <ClInclude Include="ImageManager.h">
      <Filter>FrameWork\ImageManager</Filter>
    </ClInclude>
    <ClInclude Include="GameObject.h">
      <Filter>FrameWork\GameObject</Filter>
    </ClInclude>
    <ClInclude Include="Camera.h">
      <Filter>FrameWork\Camera</Filter>
    </ClInclude>
    <ClInclude Include="CameraManager.h">
      <Filter>FrameWork\Camera</Filter>
    </ClInclude>
    <ClInclude Include="Time.h">
      <Filter>FrameWork\Time</Filter>
    </ClInclude>
    <ClInclude Include="SoundPlayer.h">
      <Filter>FrameWork\SoundManager</Filter>
    </ClInclude>
    <ClInclude Include="ObjectManager.h">
      <Filter>FrameWork\ObjectManager</Filter>
    </ClInclude>
    <ClInclude Include="Scene.h">
      <Filter>FrameWork\Scene</Filter>
    </ClInclude>
    <ClInclude Include="SceneManager.h">
      <Filter>FrameWork\Scene</Filter>
    </ClInclude>
    <ClInclude Include="Scene1.h">
      <Filter>MainGame\Scene</Filter>
    </ClInclude>
    <ClInclude Include="LoadingScene.h">
      <Filter>FrameWork\Scene</Filter>
    </ClInclude>
    <ClInclude Include="Animation.h">
      <Filter>FrameWork\Animation</Filter>
    </ClInclude>
    <ClInclude Include="GameEvent.h">
      <Filter>FrameWork\GameEvent</Filter>
    </ClInclude>
    <ClInclude Include="GameEventManager.h">
      <Filter>FrameWork\GameEvent</Filter>
    </ClInclude>
    <ClInclude Include="MainScene.h">
      <Filter>MainGame\Scene</Filter>
    </ClInclude>
    <ClInclude Include="ColorLender.h">
      <Filter>FrameWork\Camera\ColorLender</Filter>
    </ClInclude>
    <ClInclude Include="Player.h">
      <Filter>MainGame\Object\Player</Filter>
    </ClInclude>
    <ClInclude Include="BackGround.h">
      <Filter>MainGame\Object\BackGround</Filter>
    </ClInclude>
    <ClInclude Include="Bottom.h">
      <Filter>MainGame\Object\Bottom</Filter>
    </ClInclude>
    <ClInclude Include="Door.h">
      <Filter>MainGame\Object\Door</Filter>
    </ClInclude>
    <ClInclude Include="Mouse.h">
      <Filter>MainGame\Object\Mouse</Filter>
    </ClInclude>
    <ClInclude Include="Ui.h">
      <Filter>MainGame\Ui</Filter>
    </ClInclude>
    <ClInclude Include="Scene2.h">
      <Filter>MainGame\Scene</Filter>
    </ClInclude>
    <ClInclude Include="Special.h">
      <Filter>MainGame\Object\Special</Filter>
    </ClInclude>
    <ClInclude Include="Effect.h">
      <Filter>MainGame\Object\Effect</Filter>
    </ClInclude>
    <ClInclude Include="SpecialAttackEffect.h">
      <Filter>MainGame\Object\Effect</Filter>
    </ClInclude>
    <ClInclude Include="SpecialApearEffect.h">
      <Filter>MainGame\Object\Effect</Filter>
    </ClInclude>
    <ClInclude Include="Title.h">
      <Filter>MainGame\Object\Title</Filter>
    </ClInclude>
    <ClInclude Include="Fall.h">
      <Filter>MainGame\Object\Player\State\StateKind\LJH</Filter>
    </ClInclude>
    <ClInclude Include="Run.h">
      <Filter>MainGame\Object\Player\State\StateKind\LJH</Filter>
    </ClInclude>
    <ClInclude Include="Umbrella.h">
      <Filter>MainGame\Object\Player\State\StateKind\KJH</Filter>
    </ClInclude>
    <ClInclude Include="Dig.h">
      <Filter>MainGame\Object\Player\State\StateKind\KMC</Filter>
    </ClInclude>
    <ClInclude Include="Boom.h">
      <Filter>MainGame\Object\Player\State\StateKind\CJW</Filter>
    </ClInclude>
    <ClInclude Include="Climb.h">
      <Filter>MainGame\Object\Player\State\StateKind\CJW</Filter>
    </ClInclude>
    <ClInclude Include="State.h">
      <Filter>MainGame\Object\Player\State</Filter>
    </ClInclude>
    <ClInclude Include="TitleStyle1.h">
      <Filter>MainGame\Object\Title</Filter>
    </ClInclude>
    <ClInclude Include="TitleStyle2.h">
      <Filter>MainGame\Object\Title</Filter>
    </ClInclude>
    <ClInclude Include="TitleStyle3.h">
      <Filter>MainGame\Object\Title</Filter>
    </ClInclude>
    <ClInclude Include="TitleStyle4.h">
      <Filter>MainGame\Object\Title</Filter>
    </ClInclude>
    <ClInclude Include="Stopper.h">
      <Filter>MainGame\Object\Player\State\StateKind\KJH</Filter>
    </ClInclude>
  </ItemGroup>
  <ItemGroup>
    <ClCompile Include="01_WinMain.cpp">
      <Filter>소스 파일</Filter>
    </ClCompile>
    <ClCompile Include="MainGame.cpp">
      <Filter>MainGame</Filter>
    </ClCompile>
    <ClCompile Include="MainGame + MainProc.cpp">
      <Filter>MainGame</Filter>
    </ClCompile>
    <ClCompile Include="Random.cpp">
      <Filter>FrameWork\Random</Filter>
    </ClCompile>
    <ClCompile Include="Input.cpp">
      <Filter>FrameWork\Input</Filter>
    </ClCompile>
    <ClCompile Include="Image.cpp">
      <Filter>FrameWork\Image</Filter>
    </ClCompile>
    <ClCompile Include="Math.cpp">
      <Filter>FrameWork\Math</Filter>
    </ClCompile>
    <ClCompile Include="ImageManager.cpp">
      <Filter>FrameWork\ImageManager</Filter>
    </ClCompile>
    <ClCompile Include="GameObject.cpp">
      <Filter>FrameWork\GameObject</Filter>
    </ClCompile>
    <ClCompile Include="Camera.cpp">
      <Filter>FrameWork\Camera</Filter>
    </ClCompile>
    <ClCompile Include="CameraManager.cpp">
      <Filter>FrameWork\Camera</Filter>
    </ClCompile>
    <ClCompile Include="Time.cpp">
      <Filter>FrameWork\Time</Filter>
    </ClCompile>
    <ClCompile Include="SoundPlayer.cpp">
      <Filter>FrameWork\SoundManager</Filter>
    </ClCompile>
    <ClCompile Include="ObjectManager.cpp">
      <Filter>FrameWork\ObjectManager</Filter>
    </ClCompile>
    <ClCompile Include="Scene.cpp">
      <Filter>FrameWork\Scene</Filter>
    </ClCompile>
    <ClCompile Include="pch.cpp">
      <Filter>소스 파일</Filter>
    </ClCompile>
    <ClCompile Include="SceneManager.cpp">
      <Filter>FrameWork\Scene</Filter>
    </ClCompile>
    <ClCompile Include="Scene1.cpp">
      <Filter>MainGame\Scene</Filter>
    </ClCompile>
    <ClCompile Include="LoadingScene.cpp">
      <Filter>FrameWork\Scene</Filter>
    </ClCompile>
    <ClCompile Include="Animation.cpp">
      <Filter>FrameWork\Animation</Filter>
    </ClCompile>
    <ClCompile Include="GameEvent.cpp">
      <Filter>FrameWork\GameEvent</Filter>
    </ClCompile>
    <ClCompile Include="GameEventManager.cpp">
      <Filter>FrameWork\GameEvent</Filter>
    </ClCompile>
    <ClCompile Include="MainScene.cpp">
      <Filter>MainGame\Scene</Filter>
    </ClCompile>
    <ClCompile Include="ColorLender.cpp">
      <Filter>FrameWork\Camera\ColorLender</Filter>
    </ClCompile>
    <ClCompile Include="Player.cpp">
      <Filter>MainGame\Object\Player</Filter>
    </ClCompile>
    <ClCompile Include="BackGround.cpp">
      <Filter>MainGame\Object\BackGround</Filter>
    </ClCompile>
    <ClCompile Include="Bottom.cpp">
      <Filter>MainGame\Object\Bottom</Filter>
    </ClCompile>
    <ClCompile Include="Door.cpp">
      <Filter>MainGame\Object\Door</Filter>
    </ClCompile>
    <ClCompile Include="Mouse.cpp">
      <Filter>MainGame\Object\Mouse</Filter>
    </ClCompile>
    <ClCompile Include="Ui.cpp">
      <Filter>MainGame\Ui</Filter>
    </ClCompile>
    <ClCompile Include="Scene2.cpp">
      <Filter>MainGame\Scene</Filter>
    </ClCompile>
    <ClCompile Include="Special.cpp">
      <Filter>MainGame\Object\Special</Filter>
    </ClCompile>
    <ClCompile Include="Effect.cpp">
      <Filter>MainGame\Object\Effect</Filter>
    </ClCompile>
    <ClCompile Include="SpecialAttackEffect.cpp">
      <Filter>MainGame\Object\Effect</Filter>
    </ClCompile>
    <ClCompile Include="SpecialApearEffect.cpp">
      <Filter>MainGame\Object\Effect</Filter>
    </ClCompile>
    <ClCompile Include="Title.cpp">
      <Filter>MainGame\Object\Title</Filter>
    </ClCompile>
    <ClCompile Include="Fall.cpp">
      <Filter>MainGame\Object\Player\State\StateKind\LJH</Filter>
    </ClCompile>
    <ClCompile Include="Run.cpp">
      <Filter>MainGame\Object\Player\State\StateKind\LJH</Filter>
    </ClCompile>
    <ClCompile Include="Umbrella.cpp">
      <Filter>MainGame\Object\Player\State\StateKind\KJH</Filter>
    </ClCompile>
    <ClCompile Include="Dig.cpp">
      <Filter>MainGame\Object\Player\State\StateKind\KMC</Filter>
    </ClCompile>
    <ClCompile Include="Boom.cpp">
      <Filter>MainGame\Object\Player\State\StateKind\CJW</Filter>
    </ClCompile>
    <ClCompile Include="Climb.cpp">
      <Filter>MainGame\Object\Player\State\StateKind\CJW</Filter>
    </ClCompile>
    <ClCompile Include="State.cpp">
      <Filter>MainGame\Object\Player\State</Filter>
    </ClCompile>
    <ClCompile Include="TitleStyle1.cpp">
      <Filter>MainGame\Object\Title</Filter>
    </ClCompile>
    <ClCompile Include="TitleStyle2.cpp">
      <Filter>MainGame\Object\Title</Filter>
    </ClCompile>
    <ClCompile Include="TitleStyle3.cpp">
      <Filter>MainGame\Object\Title</Filter>
    </ClCompile>
    <ClCompile Include="TitleStyle4.cpp">
      <Filter>MainGame\Object\Title</Filter>
    </ClCompile>
    <ClCompile Include="Stopper.cpp">
      <Filter>MainGame\Object\Player\State\StateKind\KJH</Filter>
    </ClCompile>
  </ItemGroup>
  <ItemGroup>
    <ResourceCompile Include="01_WinMain.rc">
      <Filter>리소스 파일</Filter>
    </ResourceCompile>
  </ItemGroup>
  <ItemGroup>
    <Image Include="small.ico">
      <Filter>리소스 파일</Filter>
    </Image>
    <Image Include="01_WinMain.ico">
      <Filter>리소스 파일</Filter>
    </Image>
  </ItemGroup>
</Project>